// !$*UTF8*$!
{
	archiveVersion = 1;
	classes = {
	};
	objectVersion = 56;
	objects = {

/* Begin PBXBuildFile section */
		1C0A28962CA647A500FDB204 /* ClickerGaemModel.xcdatamodeld in Sources */ = {isa = PBXBuildFile; fileRef = 1C0A284D2CA5188600FDB204 /* ClickerGaemModel.xcdatamodeld */; };
		1C0A28972CA647A500FDB204 /* Achievements.swift in Sources */ = {isa = PBXBuildFile; fileRef = 1C9B5FC92CA27D7100A6A3B8 /* Achievements.swift */; };
		1C0A28982CA647A500FDB204 /* StoredAchievementState+CoreDataClass.swift in Sources */ = {isa = PBXBuildFile; fileRef = 1C9B5FFA2CA4FC2F00A6A3B8 /* StoredAchievementState+CoreDataClass.swift */; };
		1C0A28992CA647A500FDB204 /* StoredAchievementState+CoreDataProperties.swift in Sources */ = {isa = PBXBuildFile; fileRef = 1C9B5FFB2CA4FC2F00A6A3B8 /* StoredAchievementState+CoreDataProperties.swift */; };
		1C0A289A2CA647A500FDB204 /* AchievementView.swift in Sources */ = {isa = PBXBuildFile; fileRef = 1C9B5FCA2CA27D7100A6A3B8 /* AchievementView.swift */; };
		1C0A289B2CA647A500FDB204 /* Antimatter.swift in Sources */ = {isa = PBXBuildFile; fileRef = 1C9B5FF62CA3C03E00A6A3B8 /* Antimatter.swift */; };
		1C0A289C2CA647A500FDB204 /* AntimatterState.swift in Sources */ = {isa = PBXBuildFile; fileRef = 1C9B5FF02CA3BDD900A6A3B8 /* AntimatterState.swift */; };
		1C0A289D2CA647A500FDB204 /* StoredAntimatterState+CoreDataClass.swift in Sources */ = {isa = PBXBuildFile; fileRef = 1C9B5FFC2CA4FC2F00A6A3B8 /* StoredAntimatterState+CoreDataClass.swift */; };
		1C0A289E2CA647A500FDB204 /* StoredAntimatterState+CoreDataProperties.swift in Sources */ = {isa = PBXBuildFile; fileRef = 1C9B5FFD2CA4FC2F00A6A3B8 /* StoredAntimatterState+CoreDataProperties.swift */; };
		1C0A289F2CA647A500FDB204 /* AntimatterGalaxy.swift in Sources */ = {isa = PBXBuildFile; fileRef = 1CF912882C9D466D00A92158 /* AntimatterGalaxy.swift */; };
		1C0A28A02CA647A500FDB204 /* AntimatterView.swift in Sources */ = {isa = PBXBuildFile; fileRef = 1C9161AD2C9D4E9D00D1555A /* AntimatterView.swift */; };
		1C0A28A12CA647A500FDB204 /* Dimension.swift in Sources */ = {isa = PBXBuildFile; fileRef = 1CF912702C97D4C300A92158 /* Dimension.swift */; };
		1C0A28A22CA647A500FDB204 /* DimensionState.swift in Sources */ = {isa = PBXBuildFile; fileRef = 1CF912742C98121E00A92158 /* DimensionState.swift */; };
		1C0A28A32CA647A500FDB204 /* DimensionView.swift in Sources */ = {isa = PBXBuildFile; fileRef = 1CF912762C99116B00A92158 /* DimensionView.swift */; };
		1C0A28A42CA647A500FDB204 /* StoredDimensionState+CoreDataClass.swift in Sources */ = {isa = PBXBuildFile; fileRef = 1C9B5FFE2CA4FC2F00A6A3B8 /* StoredDimensionState+CoreDataClass.swift */; };
		1C0A28A52CA647A500FDB204 /* StoredDimensionState+CoreDataProperties.swift in Sources */ = {isa = PBXBuildFile; fileRef = 1C9B5FFF2CA4FC2F00A6A3B8 /* StoredDimensionState+CoreDataProperties.swift */; };
		1C0A28A62CA647A500FDB204 /* DimensionBoost.swift in Sources */ = {isa = PBXBuildFile; fileRef = 1CF912832C9CB6D400A92158 /* DimensionBoost.swift */; };
		1C0A28A82CA647A500FDB204 /* AMDimensionAutobuyer.swift in Sources */ = {isa = PBXBuildFile; fileRef = 1C30A4EC2C9FB77F00FBB096 /* AMDimensionAutobuyer.swift */; };
		1C0A28A92CA647A500FDB204 /* Autobuyer.swift in Sources */ = {isa = PBXBuildFile; fileRef = 1C30A4ED2C9FB77F00FBB096 /* Autobuyer.swift */; };
		1C0A28AA2CA647A500FDB204 /* AMAutobuyerView.swift in Sources */ = {isa = PBXBuildFile; fileRef = 1C30A4EF2C9FB77F00FBB096 /* AMAutobuyerView.swift */; };
		1C0A28AB2CA647A500FDB204 /* BigCrunch.swift in Sources */ = {isa = PBXBuildFile; fileRef = 1C30A5262CA0F72200FBB096 /* BigCrunch.swift */; };
		1C0A28AC2CA647A500FDB204 /* ClickerGaemApp.swift in Sources */ = {isa = PBXBuildFile; fileRef = 1CF9123A2C95414100A92158 /* ClickerGaemApp.swift */; };
		1C0A28AD2CA647A500FDB204 /* ClickerGaemData.swift in Sources */ = {isa = PBXBuildFile; fileRef = 1CF9127A2C9BB24900A92158 /* ClickerGaemData.swift */; };
		1C0A28AE2CA647A500FDB204 /* ContentView.swift in Sources */ = {isa = PBXBuildFile; fileRef = 1CF9123C2C95414100A92158 /* ContentView.swift */; };
		1C0A28AF2CA647A500FDB204 /* Game.swift in Sources */ = {isa = PBXBuildFile; fileRef = 1CF9126C2C97CF5200A92158 /* Game.swift */; };
		1C0A28B02CA647A500FDB204 /* GameState.swift in Sources */ = {isa = PBXBuildFile; fileRef = 1CF912682C9619A000A92158 /* GameState.swift */; };
		1C0A28B12CA647A500FDB204 /* StoredGameState+CoreDataClass.swift in Sources */ = {isa = PBXBuildFile; fileRef = 1C9B60002CA4FC2F00A6A3B8 /* StoredGameState+CoreDataClass.swift */; };
		1C0A28B22CA647A500FDB204 /* StoredGameState+CoreDataProperties.swift in Sources */ = {isa = PBXBuildFile; fileRef = 1C9B60012CA4FC2F00A6A3B8 /* StoredGameState+CoreDataProperties.swift */; };
		1C0A28B32CA647A500FDB204 /* Ticker.swift in Sources */ = {isa = PBXBuildFile; fileRef = 1CF9126E2C97D1F800A92158 /* Ticker.swift */; };
		1C0A28B52CA647A500FDB204 /* SettingsView.swift in Sources */ = {isa = PBXBuildFile; fileRef = 1C9B5FE42CA39DAF00A6A3B8 /* SettingsView.swift */; };
		1C0A28B62CA647A500FDB204 /* SwiftInfinite.swift in Sources */ = {isa = PBXBuildFile; fileRef = 1CF912662C95415800A92158 /* SwiftInfinite.swift */; };
		1C1E67252CB22E8500740B0F /* Infinity.swift in Sources */ = {isa = PBXBuildFile; fileRef = 1C1E67242CB22E8200740B0F /* Infinity.swift */; };
		1C30A52C2CA26C4400FBB096 /* AlertToast in Frameworks */ = {isa = PBXBuildFile; productRef = 1C30A52B2CA26C4400FBB096 /* AlertToast */; };
		1C893AA22CB334F100529C3F /* StoredInfinityUpgrade+CoreDataProperties.swift in Sources */ = {isa = PBXBuildFile; fileRef = 1C893AA12CB334F100529C3F /* StoredInfinityUpgrade+CoreDataProperties.swift */; };
		1C893AA32CB334F100529C3F /* StoredInfinityState+CoreDataProperties.swift in Sources */ = {isa = PBXBuildFile; fileRef = 1C893A9F2CB334F100529C3F /* StoredInfinityState+CoreDataProperties.swift */; };
		1C893AA42CB334F100529C3F /* StoredInfinityUpgrade+CoreDataClass.swift in Sources */ = {isa = PBXBuildFile; fileRef = 1C893AA02CB334F100529C3F /* StoredInfinityUpgrade+CoreDataClass.swift */; };
		1C893AA52CB334F100529C3F /* StoredInfinityState+CoreDataClass.swift in Sources */ = {isa = PBXBuildFile; fileRef = 1C893A9E2CB334F100529C3F /* StoredInfinityState+CoreDataClass.swift */; };
		1C893AA92CB33A5400529C3F /* StoredStatistics+CoreDataClass.swift in Sources */ = {isa = PBXBuildFile; fileRef = 1C893AA72CB33A5400529C3F /* StoredStatistics+CoreDataClass.swift */; };
		1C893AAA2CB33A5400529C3F /* StoredStatistics+CoreDataProperties.swift in Sources */ = {isa = PBXBuildFile; fileRef = 1C893AA82CB33A5400529C3F /* StoredStatistics+CoreDataProperties.swift */; };
		1C893AAC2CB36C6C00529C3F /* InfinityUpgradesView.swift in Sources */ = {isa = PBXBuildFile; fileRef = 1C893AAB2CB36C6500529C3F /* InfinityUpgradesView.swift */; };
		1CB1DB062CA7E503005E5AC5 /* Constants.swift in Sources */ = {isa = PBXBuildFile; fileRef = 1CB1DB052CA7E501005E5AC5 /* Constants.swift */; };
		1CB1DB0A2CA7E7BD005E5AC5 /* AutobuyerState.swift in Sources */ = {isa = PBXBuildFile; fileRef = 1CB1DB092CA7E7B9005E5AC5 /* AutobuyerState.swift */; };
		1CB1DB0C2CA9D7FB005E5AC5 /* AMDimensionAutobuyerView.swift in Sources */ = {isa = PBXBuildFile; fileRef = 1CB1DB0B2CA9D7F5005E5AC5 /* AMDimensionAutobuyerView.swift */; };
		1CB1DB0F2CA9E87A005E5AC5 /* StoredAutobuyerState+CoreDataClass.swift in Sources */ = {isa = PBXBuildFile; fileRef = 1CB1DB0D2CA9E87A005E5AC5 /* StoredAutobuyerState+CoreDataClass.swift */; };
		1CB1DB102CA9E87A005E5AC5 /* StoredAutobuyerState+CoreDataProperties.swift in Sources */ = {isa = PBXBuildFile; fileRef = 1CB1DB0E2CA9E87A005E5AC5 /* StoredAutobuyerState+CoreDataProperties.swift */; };
		1CB1DB122CA9F7D9005E5AC5 /* AntimatterTab.swift in Sources */ = {isa = PBXBuildFile; fileRef = 1CB1DB112CA9F7D6005E5AC5 /* AntimatterTab.swift */; };
		1CB1DB152CACEC62005E5AC5 /* InfinityState.swift in Sources */ = {isa = PBXBuildFile; fileRef = 1CB1DB142CACEC5F005E5AC5 /* InfinityState.swift */; };
		1CB1DB172CACED30005E5AC5 /* InfinityUpgrades.swift in Sources */ = {isa = PBXBuildFile; fileRef = 1CB1DB162CACED2D005E5AC5 /* InfinityUpgrades.swift */; };
		1CB1DB1A2CACF103005E5AC5 /* Statistics.swift in Sources */ = {isa = PBXBuildFile; fileRef = 1CB1DB192CACF100005E5AC5 /* Statistics.swift */; };
		1CF912412C95414200A92158 /* Assets.xcassets in Resources */ = {isa = PBXBuildFile; fileRef = 1CF912402C95414200A92158 /* Assets.xcassets */; };
		1CF912442C95414200A92158 /* Preview Assets.xcassets in Resources */ = {isa = PBXBuildFile; fileRef = 1CF912432C95414200A92158 /* Preview Assets.xcassets */; };
		1CF9124E2C95414200A92158 /* ClickerGaemTests.swift in Sources */ = {isa = PBXBuildFile; fileRef = 1CF9124D2C95414200A92158 /* ClickerGaemTests.swift */; };
		1CF912582C95414200A92158 /* ClickerGaemUITests.swift in Sources */ = {isa = PBXBuildFile; fileRef = 1CF912572C95414200A92158 /* ClickerGaemUITests.swift */; };
		1CF9125A2C95414200A92158 /* ClickerGaemUITestsLaunchTests.swift in Sources */ = {isa = PBXBuildFile; fileRef = 1CF912592C95414200A92158 /* ClickerGaemUITestsLaunchTests.swift */; };
		1CF912792C991BDF00A92158 /* SwiftInfiniteTests.swift in Sources */ = {isa = PBXBuildFile; fileRef = 1CF912782C991BDF00A92158 /* SwiftInfiniteTests.swift */; };
		1CF9128E2C9D4D5200A92158 /* OrderedCollections in Frameworks */ = {isa = PBXBuildFile; productRef = 1CF9128D2C9D4D5200A92158 /* OrderedCollections */; };
/* End PBXBuildFile section */

/* Begin PBXContainerItemProxy section */
		1CF9124A2C95414200A92158 /* PBXContainerItemProxy */ = {
			isa = PBXContainerItemProxy;
			containerPortal = 1CF9122F2C95414100A92158 /* Project object */;
			proxyType = 1;
			remoteGlobalIDString = 1CF912362C95414100A92158;
			remoteInfo = ClickerGaem;
		};
		1CF912542C95414200A92158 /* PBXContainerItemProxy */ = {
			isa = PBXContainerItemProxy;
			containerPortal = 1CF9122F2C95414100A92158 /* Project object */;
			proxyType = 1;
			remoteGlobalIDString = 1CF912362C95414100A92158;
			remoteInfo = ClickerGaem;
		};
/* End PBXContainerItemProxy section */

/* Begin PBXFileReference section */
		1C0A284E2CA5188600FDB204 /* ClickerGaemModel.xcdatamodel */ = {isa = PBXFileReference; lastKnownFileType = wrapper.xcdatamodel; path = ClickerGaemModel.xcdatamodel; sourceTree = "<group>"; };
		1C0A28512CA51F2600FDB204 /* Info.plist */ = {isa = PBXFileReference; lastKnownFileType = text.plist; path = Info.plist; sourceTree = "<group>"; };
		1C16FEBD2CB4BEE40041CF9B /* ClickerGaemModel 2.xcdatamodel */ = {isa = PBXFileReference; lastKnownFileType = wrapper.xcdatamodel; path = "ClickerGaemModel 2.xcdatamodel"; sourceTree = "<group>"; };
		1C1E67242CB22E8200740B0F /* Infinity.swift */ = {isa = PBXFileReference; lastKnownFileType = sourcecode.swift; path = Infinity.swift; sourceTree = "<group>"; };
		1C30A4EC2C9FB77F00FBB096 /* AMDimensionAutobuyer.swift */ = {isa = PBXFileReference; lastKnownFileType = sourcecode.swift; path = AMDimensionAutobuyer.swift; sourceTree = "<group>"; };
		1C30A4ED2C9FB77F00FBB096 /* Autobuyer.swift */ = {isa = PBXFileReference; lastKnownFileType = sourcecode.swift; path = Autobuyer.swift; sourceTree = "<group>"; };
		1C30A4EF2C9FB77F00FBB096 /* AMAutobuyerView.swift */ = {isa = PBXFileReference; lastKnownFileType = sourcecode.swift; path = AMAutobuyerView.swift; sourceTree = "<group>"; };
		1C30A5262CA0F72200FBB096 /* BigCrunch.swift */ = {isa = PBXFileReference; lastKnownFileType = sourcecode.swift; path = BigCrunch.swift; sourceTree = "<group>"; };
		1C893A9E2CB334F100529C3F /* StoredInfinityState+CoreDataClass.swift */ = {isa = PBXFileReference; lastKnownFileType = sourcecode.swift; path = "StoredInfinityState+CoreDataClass.swift"; sourceTree = "<group>"; };
		1C893A9F2CB334F100529C3F /* StoredInfinityState+CoreDataProperties.swift */ = {isa = PBXFileReference; lastKnownFileType = sourcecode.swift; path = "StoredInfinityState+CoreDataProperties.swift"; sourceTree = "<group>"; };
		1C893AA02CB334F100529C3F /* StoredInfinityUpgrade+CoreDataClass.swift */ = {isa = PBXFileReference; lastKnownFileType = sourcecode.swift; path = "StoredInfinityUpgrade+CoreDataClass.swift"; sourceTree = "<group>"; };
		1C893AA12CB334F100529C3F /* StoredInfinityUpgrade+CoreDataProperties.swift */ = {isa = PBXFileReference; lastKnownFileType = sourcecode.swift; path = "StoredInfinityUpgrade+CoreDataProperties.swift"; sourceTree = "<group>"; };
		1C893AA72CB33A5400529C3F /* StoredStatistics+CoreDataClass.swift */ = {isa = PBXFileReference; lastKnownFileType = sourcecode.swift; path = "StoredStatistics+CoreDataClass.swift"; sourceTree = "<group>"; };
		1C893AA82CB33A5400529C3F /* StoredStatistics+CoreDataProperties.swift */ = {isa = PBXFileReference; lastKnownFileType = sourcecode.swift; path = "StoredStatistics+CoreDataProperties.swift"; sourceTree = "<group>"; };
		1C893AAB2CB36C6500529C3F /* InfinityUpgradesView.swift */ = {isa = PBXFileReference; lastKnownFileType = sourcecode.swift; path = InfinityUpgradesView.swift; sourceTree = "<group>"; };
		1C9161AD2C9D4E9D00D1555A /* AntimatterView.swift */ = {isa = PBXFileReference; lastKnownFileType = sourcecode.swift; path = AntimatterView.swift; sourceTree = "<group>"; };
		1C9B5FC92CA27D7100A6A3B8 /* Achievements.swift */ = {isa = PBXFileReference; lastKnownFileType = sourcecode.swift; path = Achievements.swift; sourceTree = "<group>"; };
		1C9B5FCA2CA27D7100A6A3B8 /* AchievementView.swift */ = {isa = PBXFileReference; lastKnownFileType = sourcecode.swift; path = AchievementView.swift; sourceTree = "<group>"; };
		1C9B5FE42CA39DAF00A6A3B8 /* SettingsView.swift */ = {isa = PBXFileReference; lastKnownFileType = sourcecode.swift; path = SettingsView.swift; sourceTree = "<group>"; };
		1C9B5FF02CA3BDD900A6A3B8 /* AntimatterState.swift */ = {isa = PBXFileReference; lastKnownFileType = sourcecode.swift; path = AntimatterState.swift; sourceTree = "<group>"; };
		1C9B5FF62CA3C03E00A6A3B8 /* Antimatter.swift */ = {isa = PBXFileReference; lastKnownFileType = sourcecode.swift; path = Antimatter.swift; sourceTree = "<group>"; };
		1C9B5FFA2CA4FC2F00A6A3B8 /* StoredAchievementState+CoreDataClass.swift */ = {isa = PBXFileReference; lastKnownFileType = sourcecode.swift; path = "StoredAchievementState+CoreDataClass.swift"; sourceTree = "<group>"; };
		1C9B5FFB2CA4FC2F00A6A3B8 /* StoredAchievementState+CoreDataProperties.swift */ = {isa = PBXFileReference; lastKnownFileType = sourcecode.swift; path = "StoredAchievementState+CoreDataProperties.swift"; sourceTree = "<group>"; };
		1C9B5FFC2CA4FC2F00A6A3B8 /* StoredAntimatterState+CoreDataClass.swift */ = {isa = PBXFileReference; lastKnownFileType = sourcecode.swift; path = "StoredAntimatterState+CoreDataClass.swift"; sourceTree = "<group>"; };
		1C9B5FFD2CA4FC2F00A6A3B8 /* StoredAntimatterState+CoreDataProperties.swift */ = {isa = PBXFileReference; lastKnownFileType = sourcecode.swift; path = "StoredAntimatterState+CoreDataProperties.swift"; sourceTree = "<group>"; };
		1C9B5FFE2CA4FC2F00A6A3B8 /* StoredDimensionState+CoreDataClass.swift */ = {isa = PBXFileReference; lastKnownFileType = sourcecode.swift; path = "StoredDimensionState+CoreDataClass.swift"; sourceTree = "<group>"; };
		1C9B5FFF2CA4FC2F00A6A3B8 /* StoredDimensionState+CoreDataProperties.swift */ = {isa = PBXFileReference; lastKnownFileType = sourcecode.swift; path = "StoredDimensionState+CoreDataProperties.swift"; sourceTree = "<group>"; };
		1C9B60002CA4FC2F00A6A3B8 /* StoredGameState+CoreDataClass.swift */ = {isa = PBXFileReference; lastKnownFileType = sourcecode.swift; path = "StoredGameState+CoreDataClass.swift"; sourceTree = "<group>"; };
		1C9B60012CA4FC2F00A6A3B8 /* StoredGameState+CoreDataProperties.swift */ = {isa = PBXFileReference; lastKnownFileType = sourcecode.swift; path = "StoredGameState+CoreDataProperties.swift"; sourceTree = "<group>"; };
		1CB1DB052CA7E501005E5AC5 /* Constants.swift */ = {isa = PBXFileReference; lastKnownFileType = sourcecode.swift; path = Constants.swift; sourceTree = "<group>"; };
		1CB1DB092CA7E7B9005E5AC5 /* AutobuyerState.swift */ = {isa = PBXFileReference; lastKnownFileType = sourcecode.swift; path = AutobuyerState.swift; sourceTree = "<group>"; };
		1CB1DB0B2CA9D7F5005E5AC5 /* AMDimensionAutobuyerView.swift */ = {isa = PBXFileReference; lastKnownFileType = sourcecode.swift; path = AMDimensionAutobuyerView.swift; sourceTree = "<group>"; };
		1CB1DB0D2CA9E87A005E5AC5 /* StoredAutobuyerState+CoreDataClass.swift */ = {isa = PBXFileReference; lastKnownFileType = sourcecode.swift; path = "StoredAutobuyerState+CoreDataClass.swift"; sourceTree = "<group>"; };
		1CB1DB0E2CA9E87A005E5AC5 /* StoredAutobuyerState+CoreDataProperties.swift */ = {isa = PBXFileReference; lastKnownFileType = sourcecode.swift; path = "StoredAutobuyerState+CoreDataProperties.swift"; sourceTree = "<group>"; };
		1CB1DB112CA9F7D6005E5AC5 /* AntimatterTab.swift */ = {isa = PBXFileReference; lastKnownFileType = sourcecode.swift; path = AntimatterTab.swift; sourceTree = "<group>"; };
		1CB1DB142CACEC5F005E5AC5 /* InfinityState.swift */ = {isa = PBXFileReference; lastKnownFileType = sourcecode.swift; path = InfinityState.swift; sourceTree = "<group>"; };
		1CB1DB162CACED2D005E5AC5 /* InfinityUpgrades.swift */ = {isa = PBXFileReference; lastKnownFileType = sourcecode.swift; path = InfinityUpgrades.swift; sourceTree = "<group>"; };
		1CB1DB192CACF100005E5AC5 /* Statistics.swift */ = {isa = PBXFileReference; lastKnownFileType = sourcecode.swift; path = Statistics.swift; sourceTree = "<group>"; };
		1CF912372C95414100A92158 /* ClickerGaem.app */ = {isa = PBXFileReference; explicitFileType = wrapper.application; includeInIndex = 0; path = ClickerGaem.app; sourceTree = BUILT_PRODUCTS_DIR; };
		1CF9123A2C95414100A92158 /* ClickerGaemApp.swift */ = {isa = PBXFileReference; lastKnownFileType = sourcecode.swift; path = ClickerGaemApp.swift; sourceTree = "<group>"; };
		1CF9123C2C95414100A92158 /* ContentView.swift */ = {isa = PBXFileReference; lastKnownFileType = sourcecode.swift; path = ContentView.swift; sourceTree = "<group>"; };
		1CF912402C95414200A92158 /* Assets.xcassets */ = {isa = PBXFileReference; lastKnownFileType = folder.assetcatalog; path = Assets.xcassets; sourceTree = "<group>"; };
		1CF912432C95414200A92158 /* Preview Assets.xcassets */ = {isa = PBXFileReference; lastKnownFileType = folder.assetcatalog; path = "Preview Assets.xcassets"; sourceTree = "<group>"; };
		1CF912492C95414200A92158 /* ClickerGaemTests.xctest */ = {isa = PBXFileReference; explicitFileType = wrapper.cfbundle; includeInIndex = 0; path = ClickerGaemTests.xctest; sourceTree = BUILT_PRODUCTS_DIR; };
		1CF9124D2C95414200A92158 /* ClickerGaemTests.swift */ = {isa = PBXFileReference; lastKnownFileType = sourcecode.swift; path = ClickerGaemTests.swift; sourceTree = "<group>"; };
		1CF912532C95414200A92158 /* ClickerGaemUITests.xctest */ = {isa = PBXFileReference; explicitFileType = wrapper.cfbundle; includeInIndex = 0; path = ClickerGaemUITests.xctest; sourceTree = BUILT_PRODUCTS_DIR; };
		1CF912572C95414200A92158 /* ClickerGaemUITests.swift */ = {isa = PBXFileReference; lastKnownFileType = sourcecode.swift; path = ClickerGaemUITests.swift; sourceTree = "<group>"; };
		1CF912592C95414200A92158 /* ClickerGaemUITestsLaunchTests.swift */ = {isa = PBXFileReference; lastKnownFileType = sourcecode.swift; path = ClickerGaemUITestsLaunchTests.swift; sourceTree = "<group>"; };
		1CF912662C95415800A92158 /* SwiftInfinite.swift */ = {isa = PBXFileReference; lastKnownFileType = sourcecode.swift; path = SwiftInfinite.swift; sourceTree = "<group>"; };
		1CF912682C9619A000A92158 /* GameState.swift */ = {isa = PBXFileReference; fileEncoding = 4; lastKnownFileType = sourcecode.swift; path = GameState.swift; sourceTree = "<group>"; };
		1CF9126C2C97CF5200A92158 /* Game.swift */ = {isa = PBXFileReference; lastKnownFileType = sourcecode.swift; path = Game.swift; sourceTree = "<group>"; };
		1CF9126E2C97D1F800A92158 /* Ticker.swift */ = {isa = PBXFileReference; lastKnownFileType = sourcecode.swift; path = Ticker.swift; sourceTree = "<group>"; };
		1CF912702C97D4C300A92158 /* Dimension.swift */ = {isa = PBXFileReference; lastKnownFileType = sourcecode.swift; path = Dimension.swift; sourceTree = "<group>"; };
		1CF912742C98121E00A92158 /* DimensionState.swift */ = {isa = PBXFileReference; lastKnownFileType = sourcecode.swift; path = DimensionState.swift; sourceTree = "<group>"; };
		1CF912762C99116B00A92158 /* DimensionView.swift */ = {isa = PBXFileReference; lastKnownFileType = sourcecode.swift; path = DimensionView.swift; sourceTree = "<group>"; };
		1CF912782C991BDF00A92158 /* SwiftInfiniteTests.swift */ = {isa = PBXFileReference; lastKnownFileType = sourcecode.swift; path = SwiftInfiniteTests.swift; sourceTree = "<group>"; };
		1CF9127A2C9BB24900A92158 /* ClickerGaemData.swift */ = {isa = PBXFileReference; lastKnownFileType = sourcecode.swift; path = ClickerGaemData.swift; sourceTree = "<group>"; };
		1CF912832C9CB6D400A92158 /* DimensionBoost.swift */ = {isa = PBXFileReference; lastKnownFileType = sourcecode.swift; path = DimensionBoost.swift; sourceTree = "<group>"; };
		1CF912882C9D466D00A92158 /* AntimatterGalaxy.swift */ = {isa = PBXFileReference; lastKnownFileType = sourcecode.swift; path = AntimatterGalaxy.swift; sourceTree = "<group>"; };
/* End PBXFileReference section */

/* Begin PBXFrameworksBuildPhase section */
		1CF912342C95414100A92158 /* Frameworks */ = {
			isa = PBXFrameworksBuildPhase;
			buildActionMask = 2147483647;
			files = (
				1CF9128E2C9D4D5200A92158 /* OrderedCollections in Frameworks */,
				1C30A52C2CA26C4400FBB096 /* AlertToast in Frameworks */,
			);
			runOnlyForDeploymentPostprocessing = 0;
		};
		1CF912462C95414200A92158 /* Frameworks */ = {
			isa = PBXFrameworksBuildPhase;
			buildActionMask = 2147483647;
			files = (
			);
			runOnlyForDeploymentPostprocessing = 0;
		};
		1CF912502C95414200A92158 /* Frameworks */ = {
			isa = PBXFrameworksBuildPhase;
			buildActionMask = 2147483647;
			files = (
			);
			runOnlyForDeploymentPostprocessing = 0;
		};
/* End PBXFrameworksBuildPhase section */

/* Begin PBXGroup section */
		1C30A4EE2C9FB77F00FBB096 /* Autobuyer */ = {
			isa = PBXGroup;
			children = (
				1C30A4EC2C9FB77F00FBB096 /* AMDimensionAutobuyer.swift */,
				1CB1DB0B2CA9D7F5005E5AC5 /* AMDimensionAutobuyerView.swift */,
				1C30A4ED2C9FB77F00FBB096 /* Autobuyer.swift */,
				1CB1DB092CA7E7B9005E5AC5 /* AutobuyerState.swift */,
				1CB1DB0D2CA9E87A005E5AC5 /* StoredAutobuyerState+CoreDataClass.swift */,
				1CB1DB0E2CA9E87A005E5AC5 /* StoredAutobuyerState+CoreDataProperties.swift */,
			);
			path = Autobuyer;
			sourceTree = "<group>";
		};
		1C893AA62CB33A3B00529C3F /* Statistics */ = {
			isa = PBXGroup;
			children = (
				1CB1DB192CACF100005E5AC5 /* Statistics.swift */,
				1C893AA72CB33A5400529C3F /* StoredStatistics+CoreDataClass.swift */,
				1C893AA82CB33A5400529C3F /* StoredStatistics+CoreDataProperties.swift */,
			);
			path = Statistics;
			sourceTree = "<group>";
		};
		1C9B5FD92CA29C4E00A6A3B8 /* Achievements */ = {
			isa = PBXGroup;
			children = (
				1C9B5FC92CA27D7100A6A3B8 /* Achievements.swift */,
				1C9B5FCA2CA27D7100A6A3B8 /* AchievementView.swift */,
				1C9B5FFA2CA4FC2F00A6A3B8 /* StoredAchievementState+CoreDataClass.swift */,
				1C9B5FFB2CA4FC2F00A6A3B8 /* StoredAchievementState+CoreDataProperties.swift */,
			);
			path = Achievements;
			sourceTree = "<group>";
		};
		1C9B5FE72CA3B72100A6A3B8 /* Antimatter */ = {
			isa = PBXGroup;
			children = (
				1C9B5FF62CA3C03E00A6A3B8 /* Antimatter.swift */,
				1CF912882C9D466D00A92158 /* AntimatterGalaxy.swift */,
				1C9B5FF02CA3BDD900A6A3B8 /* AntimatterState.swift */,
				1CB1DB112CA9F7D6005E5AC5 /* AntimatterTab.swift */,
				1C9161AD2C9D4E9D00D1555A /* AntimatterView.swift */,
				1CF912722C98119B00A92158 /* Dimension */,
				1CF912832C9CB6D400A92158 /* DimensionBoost.swift */,
				1C9B5FFC2CA4FC2F00A6A3B8 /* StoredAntimatterState+CoreDataClass.swift */,
				1C9B5FFD2CA4FC2F00A6A3B8 /* StoredAntimatterState+CoreDataProperties.swift */,
			);
			path = Antimatter;
			sourceTree = "<group>";
		};
		1CB1DB132CACEC55005E5AC5 /* Infinity */ = {
			isa = PBXGroup;
			children = (
				1C893AAB2CB36C6500529C3F /* InfinityUpgradesView.swift */,
				1C30A5262CA0F72200FBB096 /* BigCrunch.swift */,
				1C1E67242CB22E8200740B0F /* Infinity.swift */,
				1CB1DB142CACEC5F005E5AC5 /* InfinityState.swift */,
				1CB1DB162CACED2D005E5AC5 /* InfinityUpgrades.swift */,
				1C893A9E2CB334F100529C3F /* StoredInfinityState+CoreDataClass.swift */,
				1C893A9F2CB334F100529C3F /* StoredInfinityState+CoreDataProperties.swift */,
				1C893AA02CB334F100529C3F /* StoredInfinityUpgrade+CoreDataClass.swift */,
				1C893AA12CB334F100529C3F /* StoredInfinityUpgrade+CoreDataProperties.swift */,
			);
			path = Infinity;
			sourceTree = "<group>";
		};
		1CF9122E2C95414100A92158 = {
			isa = PBXGroup;
			children = (
				1CF912392C95414100A92158 /* ClickerGaem */,
				1CF9124C2C95414200A92158 /* ClickerGaemTests */,
				1CF912562C95414200A92158 /* ClickerGaemUITests */,
				1CF912382C95414100A92158 /* Products */,
			);
			sourceTree = "<group>";
		};
		1CF912382C95414100A92158 /* Products */ = {
			isa = PBXGroup;
			children = (
				1CF912372C95414100A92158 /* ClickerGaem.app */,
				1CF912492C95414200A92158 /* ClickerGaemTests.xctest */,
				1CF912532C95414200A92158 /* ClickerGaemUITests.xctest */,
			);
			name = Products;
			sourceTree = "<group>";
		};
		1CF912392C95414100A92158 /* ClickerGaem */ = {
			isa = PBXGroup;
			children = (
				1C9B5FD92CA29C4E00A6A3B8 /* Achievements */,
				1C30A4EF2C9FB77F00FBB096 /* AMAutobuyerView.swift */,
				1C9B5FE72CA3B72100A6A3B8 /* Antimatter */,
				1CF912402C95414200A92158 /* Assets.xcassets */,
				1C30A4EE2C9FB77F00FBB096 /* Autobuyer */,
				1CF9123A2C95414100A92158 /* ClickerGaemApp.swift */,
				1CF9127A2C9BB24900A92158 /* ClickerGaemData.swift */,
				1C0A284D2CA5188600FDB204 /* ClickerGaemModel.xcdatamodeld */,
				1CB1DB052CA7E501005E5AC5 /* Constants.swift */,
				1CF9123C2C95414100A92158 /* ContentView.swift */,
				1CF912732C9811AB00A92158 /* Game */,
				1CB1DB132CACEC55005E5AC5 /* Infinity */,
				1C0A28512CA51F2600FDB204 /* Info.plist */,
				1CF912422C95414200A92158 /* Preview Content */,
				1C9B5FE42CA39DAF00A6A3B8 /* SettingsView.swift */,
				1C893AA62CB33A3B00529C3F /* Statistics */,
				1CF912662C95415800A92158 /* SwiftInfinite.swift */,
			);
			path = ClickerGaem;
			sourceTree = "<group>";
		};
		1CF912422C95414200A92158 /* Preview Content */ = {
			isa = PBXGroup;
			children = (
				1CF912432C95414200A92158 /* Preview Assets.xcassets */,
			);
			path = "Preview Content";
			sourceTree = "<group>";
		};
		1CF9124C2C95414200A92158 /* ClickerGaemTests */ = {
			isa = PBXGroup;
			children = (
				1CF9124D2C95414200A92158 /* ClickerGaemTests.swift */,
				1CF912782C991BDF00A92158 /* SwiftInfiniteTests.swift */,
			);
			path = ClickerGaemTests;
			sourceTree = "<group>";
		};
		1CF912562C95414200A92158 /* ClickerGaemUITests */ = {
			isa = PBXGroup;
			children = (
				1CF912572C95414200A92158 /* ClickerGaemUITests.swift */,
				1CF912592C95414200A92158 /* ClickerGaemUITestsLaunchTests.swift */,
			);
			path = ClickerGaemUITests;
			sourceTree = "<group>";
		};
		1CF912722C98119B00A92158 /* Dimension */ = {
			isa = PBXGroup;
			children = (
				1CF912702C97D4C300A92158 /* Dimension.swift */,
				1CF912742C98121E00A92158 /* DimensionState.swift */,
				1CF912762C99116B00A92158 /* DimensionView.swift */,
				1C9B5FFE2CA4FC2F00A6A3B8 /* StoredDimensionState+CoreDataClass.swift */,
				1C9B5FFF2CA4FC2F00A6A3B8 /* StoredDimensionState+CoreDataProperties.swift */,
			);
			path = Dimension;
			sourceTree = "<group>";
		};
		1CF912732C9811AB00A92158 /* Game */ = {
			isa = PBXGroup;
			children = (
				1CF9126C2C97CF5200A92158 /* Game.swift */,
				1CF912682C9619A000A92158 /* GameState.swift */,
				1C9B60002CA4FC2F00A6A3B8 /* StoredGameState+CoreDataClass.swift */,
				1C9B60012CA4FC2F00A6A3B8 /* StoredGameState+CoreDataProperties.swift */,
				1CF9126E2C97D1F800A92158 /* Ticker.swift */,
			);
			path = Game;
			sourceTree = "<group>";
		};
/* End PBXGroup section */

/* Begin PBXNativeTarget section */
		1CF912362C95414100A92158 /* ClickerGaem */ = {
			isa = PBXNativeTarget;
			buildConfigurationList = 1CF9125D2C95414200A92158 /* Build configuration list for PBXNativeTarget "ClickerGaem" */;
			buildPhases = (
				1C0A28952CA6477B00FDB204 /* Sources */,
				1CF912342C95414100A92158 /* Frameworks */,
				1CF912352C95414100A92158 /* Resources */,
			);
			buildRules = (
			);
			dependencies = (
			);
			name = ClickerGaem;
			packageProductDependencies = (
				1CF9128D2C9D4D5200A92158 /* OrderedCollections */,
				1C30A52B2CA26C4400FBB096 /* AlertToast */,
			);
			productName = ClickerGaem;
			productReference = 1CF912372C95414100A92158 /* ClickerGaem.app */;
			productType = "com.apple.product-type.application";
		};
		1CF912482C95414200A92158 /* ClickerGaemTests */ = {
			isa = PBXNativeTarget;
			buildConfigurationList = 1CF912602C95414200A92158 /* Build configuration list for PBXNativeTarget "ClickerGaemTests" */;
			buildPhases = (
				1CF912452C95414200A92158 /* Sources */,
				1CF912462C95414200A92158 /* Frameworks */,
				1CF912472C95414200A92158 /* Resources */,
			);
			buildRules = (
			);
			dependencies = (
				1CF9124B2C95414200A92158 /* PBXTargetDependency */,
			);
			name = ClickerGaemTests;
			productName = ClickerGaemTests;
			productReference = 1CF912492C95414200A92158 /* ClickerGaemTests.xctest */;
			productType = "com.apple.product-type.bundle.unit-test";
		};
		1CF912522C95414200A92158 /* ClickerGaemUITests */ = {
			isa = PBXNativeTarget;
			buildConfigurationList = 1CF912632C95414200A92158 /* Build configuration list for PBXNativeTarget "ClickerGaemUITests" */;
			buildPhases = (
				1CF9124F2C95414200A92158 /* Sources */,
				1CF912502C95414200A92158 /* Frameworks */,
				1CF912512C95414200A92158 /* Resources */,
			);
			buildRules = (
			);
			dependencies = (
				1CF912552C95414200A92158 /* PBXTargetDependency */,
			);
			name = ClickerGaemUITests;
			productName = ClickerGaemUITests;
			productReference = 1CF912532C95414200A92158 /* ClickerGaemUITests.xctest */;
			productType = "com.apple.product-type.bundle.ui-testing";
		};
/* End PBXNativeTarget section */

/* Begin PBXProject section */
		1CF9122F2C95414100A92158 /* Project object */ = {
			isa = PBXProject;
			attributes = {
				BuildIndependentTargetsInParallel = 1;
				LastSwiftUpdateCheck = 1540;
				LastUpgradeCheck = 1600;
				TargetAttributes = {
					1CF912362C95414100A92158 = {
						CreatedOnToolsVersion = 15.4;
					};
					1CF912482C95414200A92158 = {
						CreatedOnToolsVersion = 15.4;
						TestTargetID = 1CF912362C95414100A92158;
					};
					1CF912522C95414200A92158 = {
						CreatedOnToolsVersion = 15.4;
						TestTargetID = 1CF912362C95414100A92158;
					};
				};
			};
			buildConfigurationList = 1CF912322C95414100A92158 /* Build configuration list for PBXProject "ClickerGaem" */;
			compatibilityVersion = "Xcode 14.0";
			developmentRegion = en;
			hasScannedForEncodings = 0;
			knownRegions = (
				en,
				Base,
			);
			mainGroup = 1CF9122E2C95414100A92158;
			packageReferences = (
				1CF9128C2C9D4D5200A92158 /* XCRemoteSwiftPackageReference "swift-collections" */,
				1C30A52A2CA26C4400FBB096 /* XCRemoteSwiftPackageReference "AlertToast" */,
			);
			productRefGroup = 1CF912382C95414100A92158 /* Products */;
			projectDirPath = "";
			projectRoot = "";
			targets = (
				1CF912362C95414100A92158 /* ClickerGaem */,
				1CF912482C95414200A92158 /* ClickerGaemTests */,
				1CF912522C95414200A92158 /* ClickerGaemUITests */,
			);
		};
/* End PBXProject section */

/* Begin PBXResourcesBuildPhase section */
		1CF912352C95414100A92158 /* Resources */ = {
			isa = PBXResourcesBuildPhase;
			buildActionMask = 2147483647;
			files = (
				1CF912442C95414200A92158 /* Preview Assets.xcassets in Resources */,
				1CF912412C95414200A92158 /* Assets.xcassets in Resources */,
			);
			runOnlyForDeploymentPostprocessing = 0;
		};
		1CF912472C95414200A92158 /* Resources */ = {
			isa = PBXResourcesBuildPhase;
			buildActionMask = 2147483647;
			files = (
			);
			runOnlyForDeploymentPostprocessing = 0;
		};
		1CF912512C95414200A92158 /* Resources */ = {
			isa = PBXResourcesBuildPhase;
			buildActionMask = 2147483647;
			files = (
			);
			runOnlyForDeploymentPostprocessing = 0;
		};
/* End PBXResourcesBuildPhase section */

/* Begin PBXSourcesBuildPhase section */
		1C0A28952CA6477B00FDB204 /* Sources */ = {
			isa = PBXSourcesBuildPhase;
			buildActionMask = 2147483647;
			files = (
				1C0A28962CA647A500FDB204 /* ClickerGaemModel.xcdatamodeld in Sources */,
				1C0A28972CA647A500FDB204 /* Achievements.swift in Sources */,
				1C0A28982CA647A500FDB204 /* StoredAchievementState+CoreDataClass.swift in Sources */,
				1C0A28992CA647A500FDB204 /* StoredAchievementState+CoreDataProperties.swift in Sources */,
				1CB1DB122CA9F7D9005E5AC5 /* AntimatterTab.swift in Sources */,
				1C0A289A2CA647A500FDB204 /* AchievementView.swift in Sources */,
				1C0A289B2CA647A500FDB204 /* Antimatter.swift in Sources */,
				1C0A289C2CA647A500FDB204 /* AntimatterState.swift in Sources */,
				1CB1DB062CA7E503005E5AC5 /* Constants.swift in Sources */,
				1C0A289D2CA647A500FDB204 /* StoredAntimatterState+CoreDataClass.swift in Sources */,
				1C0A289E2CA647A500FDB204 /* StoredAntimatterState+CoreDataProperties.swift in Sources */,
				1C0A289F2CA647A500FDB204 /* AntimatterGalaxy.swift in Sources */,
				1C0A28A02CA647A500FDB204 /* AntimatterView.swift in Sources */,
				1CB1DB172CACED30005E5AC5 /* InfinityUpgrades.swift in Sources */,
				1C0A28A12CA647A500FDB204 /* Dimension.swift in Sources */,
				1C0A28A22CA647A500FDB204 /* DimensionState.swift in Sources */,
				1C893AA22CB334F100529C3F /* StoredInfinityUpgrade+CoreDataProperties.swift in Sources */,
				1C893AA32CB334F100529C3F /* StoredInfinityState+CoreDataProperties.swift in Sources */,
				1C893AA42CB334F100529C3F /* StoredInfinityUpgrade+CoreDataClass.swift in Sources */,
				1C893AA52CB334F100529C3F /* StoredInfinityState+CoreDataClass.swift in Sources */,
				1C0A28A32CA647A500FDB204 /* DimensionView.swift in Sources */,
				1C893AAC2CB36C6C00529C3F /* InfinityUpgradesView.swift in Sources */,
				1C0A28A42CA647A500FDB204 /* StoredDimensionState+CoreDataClass.swift in Sources */,
				1C0A28A52CA647A500FDB204 /* StoredDimensionState+CoreDataProperties.swift in Sources */,
				1C0A28A62CA647A500FDB204 /* DimensionBoost.swift in Sources */,
				1C0A28A82CA647A500FDB204 /* AMDimensionAutobuyer.swift in Sources */,
				1C0A28A92CA647A500FDB204 /* Autobuyer.swift in Sources */,
				1C0A28AA2CA647A500FDB204 /* AMAutobuyerView.swift in Sources */,
				1CB1DB0F2CA9E87A005E5AC5 /* StoredAutobuyerState+CoreDataClass.swift in Sources */,
				1CB1DB102CA9E87A005E5AC5 /* StoredAutobuyerState+CoreDataProperties.swift in Sources */,
				1C0A28AB2CA647A500FDB204 /* BigCrunch.swift in Sources */,
				1C1E67252CB22E8500740B0F /* Infinity.swift in Sources */,
				1C0A28AC2CA647A500FDB204 /* ClickerGaemApp.swift in Sources */,
				1C0A28AD2CA647A500FDB204 /* ClickerGaemData.swift in Sources */,
				1C0A28AE2CA647A500FDB204 /* ContentView.swift in Sources */,
				1C0A28AF2CA647A500FDB204 /* Game.swift in Sources */,
				1C0A28B02CA647A500FDB204 /* GameState.swift in Sources */,
				1C0A28B12CA647A500FDB204 /* StoredGameState+CoreDataClass.swift in Sources */,
				1CB1DB0A2CA7E7BD005E5AC5 /* AutobuyerState.swift in Sources */,
				1C0A28B22CA647A500FDB204 /* StoredGameState+CoreDataProperties.swift in Sources */,
				1C0A28B32CA647A500FDB204 /* Ticker.swift in Sources */,
				1C0A28B52CA647A500FDB204 /* SettingsView.swift in Sources */,
				1C0A28B62CA647A500FDB204 /* SwiftInfinite.swift in Sources */,
				1CB1DB0C2CA9D7FB005E5AC5 /* AMDimensionAutobuyerView.swift in Sources */,
				1CB1DB1A2CACF103005E5AC5 /* Statistics.swift in Sources */,
				1C893AA92CB33A5400529C3F /* StoredStatistics+CoreDataClass.swift in Sources */,
				1C893AAA2CB33A5400529C3F /* StoredStatistics+CoreDataProperties.swift in Sources */,
				1CB1DB152CACEC62005E5AC5 /* InfinityState.swift in Sources */,
			);
			runOnlyForDeploymentPostprocessing = 0;
		};
		1CF912452C95414200A92158 /* Sources */ = {
			isa = PBXSourcesBuildPhase;
			buildActionMask = 2147483647;
			files = (
				1CF9124E2C95414200A92158 /* ClickerGaemTests.swift in Sources */,
				1CF912792C991BDF00A92158 /* SwiftInfiniteTests.swift in Sources */,
			);
			runOnlyForDeploymentPostprocessing = 0;
		};
		1CF9124F2C95414200A92158 /* Sources */ = {
			isa = PBXSourcesBuildPhase;
			buildActionMask = 2147483647;
			files = (
				1CF9125A2C95414200A92158 /* ClickerGaemUITestsLaunchTests.swift in Sources */,
				1CF912582C95414200A92158 /* ClickerGaemUITests.swift in Sources */,
			);
			runOnlyForDeploymentPostprocessing = 0;
		};
/* End PBXSourcesBuildPhase section */

/* Begin PBXTargetDependency section */
		1CF9124B2C95414200A92158 /* PBXTargetDependency */ = {
			isa = PBXTargetDependency;
			target = 1CF912362C95414100A92158 /* ClickerGaem */;
			targetProxy = 1CF9124A2C95414200A92158 /* PBXContainerItemProxy */;
		};
		1CF912552C95414200A92158 /* PBXTargetDependency */ = {
			isa = PBXTargetDependency;
			target = 1CF912362C95414100A92158 /* ClickerGaem */;
			targetProxy = 1CF912542C95414200A92158 /* PBXContainerItemProxy */;
		};
/* End PBXTargetDependency section */

/* Begin XCBuildConfiguration section */
		1CF9125B2C95414200A92158 /* Debug */ = {
			isa = XCBuildConfiguration;
			buildSettings = {
				ALWAYS_SEARCH_USER_PATHS = NO;
				ASSETCATALOG_COMPILER_GENERATE_SWIFT_ASSET_SYMBOL_EXTENSIONS = YES;
				CLANG_ANALYZER_NONNULL = YES;
				CLANG_ANALYZER_NUMBER_OBJECT_CONVERSION = YES_AGGRESSIVE;
				CLANG_CXX_LANGUAGE_STANDARD = "gnu++20";
				CLANG_ENABLE_MODULES = YES;
				CLANG_ENABLE_OBJC_ARC = YES;
				CLANG_ENABLE_OBJC_WEAK = YES;
				CLANG_WARN_BLOCK_CAPTURE_AUTORELEASING = YES;
				CLANG_WARN_BOOL_CONVERSION = YES;
				CLANG_WARN_COMMA = YES;
				CLANG_WARN_CONSTANT_CONVERSION = YES;
				CLANG_WARN_DEPRECATED_OBJC_IMPLEMENTATIONS = YES;
				CLANG_WARN_DIRECT_OBJC_ISA_USAGE = YES_ERROR;
				CLANG_WARN_DOCUMENTATION_COMMENTS = YES;
				CLANG_WARN_EMPTY_BODY = YES;
				CLANG_WARN_ENUM_CONVERSION = YES;
				CLANG_WARN_INFINITE_RECURSION = YES;
				CLANG_WARN_INT_CONVERSION = YES;
				CLANG_WARN_NON_LITERAL_NULL_CONVERSION = YES;
				CLANG_WARN_OBJC_IMPLICIT_RETAIN_SELF = YES;
				CLANG_WARN_OBJC_LITERAL_CONVERSION = YES;
				CLANG_WARN_OBJC_ROOT_CLASS = YES_ERROR;
				CLANG_WARN_QUOTED_INCLUDE_IN_FRAMEWORK_HEADER = YES;
				CLANG_WARN_RANGE_LOOP_ANALYSIS = YES;
				CLANG_WARN_STRICT_PROTOTYPES = YES;
				CLANG_WARN_SUSPICIOUS_MOVE = YES;
				CLANG_WARN_UNGUARDED_AVAILABILITY = YES_AGGRESSIVE;
				CLANG_WARN_UNREACHABLE_CODE = YES;
				CLANG_WARN__DUPLICATE_METHOD_MATCH = YES;
				COPY_PHASE_STRIP = NO;
				DEBUG_INFORMATION_FORMAT = dwarf;
				ENABLE_STRICT_OBJC_MSGSEND = YES;
				ENABLE_TESTABILITY = YES;
				ENABLE_USER_SCRIPT_SANDBOXING = YES;
				GCC_C_LANGUAGE_STANDARD = gnu17;
				GCC_DYNAMIC_NO_PIC = NO;
				GCC_NO_COMMON_BLOCKS = YES;
				GCC_OPTIMIZATION_LEVEL = 0;
				GCC_PREPROCESSOR_DEFINITIONS = (
					"DEBUG=1",
					"$(inherited)",
				);
				GCC_WARN_64_TO_32_BIT_CONVERSION = YES;
				GCC_WARN_ABOUT_RETURN_TYPE = YES_ERROR;
				GCC_WARN_UNDECLARED_SELECTOR = YES;
				GCC_WARN_UNINITIALIZED_AUTOS = YES_AGGRESSIVE;
				GCC_WARN_UNUSED_FUNCTION = YES;
				GCC_WARN_UNUSED_VARIABLE = YES;
				GENERATE_PROFILING_CODE = YES;
				IPHONEOS_DEPLOYMENT_TARGET = 17.5;
				LOCALIZATION_PREFERS_STRING_CATALOGS = YES;
				MTL_ENABLE_DEBUG_INFO = INCLUDE_SOURCE;
				MTL_FAST_MATH = YES;
				ONLY_ACTIVE_ARCH = YES;
				SDKROOT = iphoneos;
				SWIFT_ACTIVE_COMPILATION_CONDITIONS = "DEBUG $(inherited)";
				SWIFT_OPTIMIZATION_LEVEL = "-Onone";
			};
			name = Debug;
		};
		1CF9125C2C95414200A92158 /* Release */ = {
			isa = XCBuildConfiguration;
			buildSettings = {
				ALWAYS_SEARCH_USER_PATHS = NO;
				ASSETCATALOG_COMPILER_GENERATE_SWIFT_ASSET_SYMBOL_EXTENSIONS = YES;
				CLANG_ANALYZER_NONNULL = YES;
				CLANG_ANALYZER_NUMBER_OBJECT_CONVERSION = YES_AGGRESSIVE;
				CLANG_CXX_LANGUAGE_STANDARD = "gnu++20";
				CLANG_ENABLE_MODULES = YES;
				CLANG_ENABLE_OBJC_ARC = YES;
				CLANG_ENABLE_OBJC_WEAK = YES;
				CLANG_WARN_BLOCK_CAPTURE_AUTORELEASING = YES;
				CLANG_WARN_BOOL_CONVERSION = YES;
				CLANG_WARN_COMMA = YES;
				CLANG_WARN_CONSTANT_CONVERSION = YES;
				CLANG_WARN_DEPRECATED_OBJC_IMPLEMENTATIONS = YES;
				CLANG_WARN_DIRECT_OBJC_ISA_USAGE = YES_ERROR;
				CLANG_WARN_DOCUMENTATION_COMMENTS = YES;
				CLANG_WARN_EMPTY_BODY = YES;
				CLANG_WARN_ENUM_CONVERSION = YES;
				CLANG_WARN_INFINITE_RECURSION = YES;
				CLANG_WARN_INT_CONVERSION = YES;
				CLANG_WARN_NON_LITERAL_NULL_CONVERSION = YES;
				CLANG_WARN_OBJC_IMPLICIT_RETAIN_SELF = YES;
				CLANG_WARN_OBJC_LITERAL_CONVERSION = YES;
				CLANG_WARN_OBJC_ROOT_CLASS = YES_ERROR;
				CLANG_WARN_QUOTED_INCLUDE_IN_FRAMEWORK_HEADER = YES;
				CLANG_WARN_RANGE_LOOP_ANALYSIS = YES;
				CLANG_WARN_STRICT_PROTOTYPES = YES;
				CLANG_WARN_SUSPICIOUS_MOVE = YES;
				CLANG_WARN_UNGUARDED_AVAILABILITY = YES_AGGRESSIVE;
				CLANG_WARN_UNREACHABLE_CODE = YES;
				CLANG_WARN__DUPLICATE_METHOD_MATCH = YES;
				COPY_PHASE_STRIP = NO;
				DEBUG_INFORMATION_FORMAT = "dwarf-with-dsym";
				ENABLE_NS_ASSERTIONS = NO;
				ENABLE_STRICT_OBJC_MSGSEND = YES;
				ENABLE_USER_SCRIPT_SANDBOXING = YES;
				GCC_C_LANGUAGE_STANDARD = gnu17;
				GCC_NO_COMMON_BLOCKS = YES;
				GCC_WARN_64_TO_32_BIT_CONVERSION = YES;
				GCC_WARN_ABOUT_RETURN_TYPE = YES_ERROR;
				GCC_WARN_UNDECLARED_SELECTOR = YES;
				GCC_WARN_UNINITIALIZED_AUTOS = YES_AGGRESSIVE;
				GCC_WARN_UNUSED_FUNCTION = YES;
				GCC_WARN_UNUSED_VARIABLE = YES;
				GENERATE_PROFILING_CODE = YES;
				IPHONEOS_DEPLOYMENT_TARGET = 17.5;
				LOCALIZATION_PREFERS_STRING_CATALOGS = YES;
				MTL_ENABLE_DEBUG_INFO = NO;
				MTL_FAST_MATH = YES;
				SDKROOT = iphoneos;
				SWIFT_COMPILATION_MODE = wholemodule;
				VALIDATE_PRODUCT = YES;
			};
			name = Release;
		};
		1CF9125E2C95414200A92158 /* Debug */ = {
			isa = XCBuildConfiguration;
			buildSettings = {
				ASSETCATALOG_COMPILER_APPICON_NAME = AppIcon;
				ASSETCATALOG_COMPILER_GLOBAL_ACCENT_COLOR_NAME = AccentColor;
				CODE_SIGN_STYLE = Automatic;
				CURRENT_PROJECT_VERSION = 1;
				DEVELOPMENT_ASSET_PATHS = "\"ClickerGaem/Preview Content\"";
				DEVELOPMENT_TEAM = 984K82PAX7;
				ENABLE_PREVIEWS = YES;
				GENERATE_INFOPLIST_FILE = YES;
				INFOPLIST_FILE = ClickerGaem/Info.plist;
				INFOPLIST_KEY_UIApplicationSceneManifest_Generation = YES;
				INFOPLIST_KEY_UIApplicationSupportsIndirectInputEvents = YES;
				INFOPLIST_KEY_UISupportedInterfaceOrientations_iPad = "UIInterfaceOrientationPortrait UIInterfaceOrientationPortraitUpsideDown UIInterfaceOrientationLandscapeLeft UIInterfaceOrientationLandscapeRight";
				INFOPLIST_KEY_UISupportedInterfaceOrientations_iPhone = "UIInterfaceOrientationPortrait UIInterfaceOrientationLandscapeLeft UIInterfaceOrientationLandscapeRight";
				LD_RUNPATH_SEARCH_PATHS = (
					"$(inherited)",
					"@executable_path/Frameworks",
				);
				MARKETING_VERSION = 0.01;
				PRODUCT_BUNDLE_IDENTIFIER = com.justincovell.ClickerGaem;
				PRODUCT_NAME = "$(TARGET_NAME)";
				SWIFT_EMIT_LOC_STRINGS = YES;
				SWIFT_VERSION = 5.0;
				TARGETED_DEVICE_FAMILY = "1,2";
			};
			name = Debug;
		};
		1CF9125F2C95414200A92158 /* Release */ = {
			isa = XCBuildConfiguration;
			buildSettings = {
				ASSETCATALOG_COMPILER_APPICON_NAME = AppIcon;
				ASSETCATALOG_COMPILER_GLOBAL_ACCENT_COLOR_NAME = AccentColor;
				CODE_SIGN_STYLE = Automatic;
				CURRENT_PROJECT_VERSION = 1;
				DEVELOPMENT_ASSET_PATHS = "\"ClickerGaem/Preview Content\"";
				DEVELOPMENT_TEAM = 984K82PAX7;
				ENABLE_PREVIEWS = YES;
				GENERATE_INFOPLIST_FILE = YES;
				GENERATE_PROFILING_CODE = NO;
				INFOPLIST_FILE = ClickerGaem/Info.plist;
				INFOPLIST_KEY_UIApplicationSceneManifest_Generation = YES;
				INFOPLIST_KEY_UIApplicationSupportsIndirectInputEvents = YES;
				INFOPLIST_KEY_UISupportedInterfaceOrientations_iPad = "UIInterfaceOrientationPortrait UIInterfaceOrientationPortraitUpsideDown UIInterfaceOrientationLandscapeLeft UIInterfaceOrientationLandscapeRight";
				INFOPLIST_KEY_UISupportedInterfaceOrientations_iPhone = "UIInterfaceOrientationPortrait UIInterfaceOrientationLandscapeLeft UIInterfaceOrientationLandscapeRight";
				LD_RUNPATH_SEARCH_PATHS = (
					"$(inherited)",
					"@executable_path/Frameworks",
				);
				MARKETING_VERSION = 0.01;
				PRODUCT_BUNDLE_IDENTIFIER = com.justincovell.ClickerGaem;
				PRODUCT_NAME = "$(TARGET_NAME)";
				SWIFT_EMIT_LOC_STRINGS = YES;
				SWIFT_VERSION = 5.0;
				TARGETED_DEVICE_FAMILY = "1,2";
			};
			name = Release;
		};
		1CF912612C95414200A92158 /* Debug */ = {
			isa = XCBuildConfiguration;
			buildSettings = {
				BUNDLE_LOADER = "$(TEST_HOST)";
				CODE_SIGN_STYLE = Automatic;
				CURRENT_PROJECT_VERSION = 1;
				DEVELOPMENT_TEAM = 984K82PAX7;
				GENERATE_INFOPLIST_FILE = YES;
				IPHONEOS_DEPLOYMENT_TARGET = 17.5;
				MARKETING_VERSION = 1.0;
				PRODUCT_BUNDLE_IDENTIFIER = com.justincovell.ClickerGaemTests;
				PRODUCT_NAME = "$(TARGET_NAME)";
				SWIFT_EMIT_LOC_STRINGS = NO;
				SWIFT_VERSION = 5.0;
				TARGETED_DEVICE_FAMILY = "1,2";
				TEST_HOST = "$(BUILT_PRODUCTS_DIR)/ClickerGaem.app/$(BUNDLE_EXECUTABLE_FOLDER_PATH)/ClickerGaem";
			};
			name = Debug;
		};
		1CF912622C95414200A92158 /* Release */ = {
			isa = XCBuildConfiguration;
			buildSettings = {
				BUNDLE_LOADER = "$(TEST_HOST)";
				CODE_SIGN_STYLE = Automatic;
				CURRENT_PROJECT_VERSION = 1;
				DEVELOPMENT_TEAM = 984K82PAX7;
				GENERATE_INFOPLIST_FILE = YES;
				IPHONEOS_DEPLOYMENT_TARGET = 17.5;
				MARKETING_VERSION = 1.0;
				PRODUCT_BUNDLE_IDENTIFIER = com.justincovell.ClickerGaemTests;
				PRODUCT_NAME = "$(TARGET_NAME)";
				SWIFT_EMIT_LOC_STRINGS = NO;
				SWIFT_VERSION = 5.0;
				TARGETED_DEVICE_FAMILY = "1,2";
				TEST_HOST = "$(BUILT_PRODUCTS_DIR)/ClickerGaem.app/$(BUNDLE_EXECUTABLE_FOLDER_PATH)/ClickerGaem";
			};
			name = Release;
		};
		1CF912642C95414200A92158 /* Debug */ = {
			isa = XCBuildConfiguration;
			buildSettings = {
				CODE_SIGN_STYLE = Automatic;
				CURRENT_PROJECT_VERSION = 1;
				DEVELOPMENT_TEAM = 984K82PAX7;
				GENERATE_INFOPLIST_FILE = YES;
				MARKETING_VERSION = 1.0;
				PRODUCT_BUNDLE_IDENTIFIER = com.justincovell.ClickerGaemUITests;
				PRODUCT_NAME = "$(TARGET_NAME)";
				SWIFT_EMIT_LOC_STRINGS = NO;
				SWIFT_VERSION = 5.0;
				TARGETED_DEVICE_FAMILY = "1,2";
				TEST_TARGET_NAME = ClickerGaem;
			};
			name = Debug;
		};
		1CF912652C95414200A92158 /* Release */ = {
			isa = XCBuildConfiguration;
			buildSettings = {
				CODE_SIGN_STYLE = Automatic;
				CURRENT_PROJECT_VERSION = 1;
				DEVELOPMENT_TEAM = 984K82PAX7;
				GENERATE_INFOPLIST_FILE = YES;
				MARKETING_VERSION = 1.0;
				PRODUCT_BUNDLE_IDENTIFIER = com.justincovell.ClickerGaemUITests;
				PRODUCT_NAME = "$(TARGET_NAME)";
				SWIFT_EMIT_LOC_STRINGS = NO;
				SWIFT_VERSION = 5.0;
				TARGETED_DEVICE_FAMILY = "1,2";
				TEST_TARGET_NAME = ClickerGaem;
			};
			name = Release;
		};
/* End XCBuildConfiguration section */

/* Begin XCConfigurationList section */
		1CF912322C95414100A92158 /* Build configuration list for PBXProject "ClickerGaem" */ = {
			isa = XCConfigurationList;
			buildConfigurations = (
				1CF9125B2C95414200A92158 /* Debug */,
				1CF9125C2C95414200A92158 /* Release */,
			);
			defaultConfigurationIsVisible = 0;
			defaultConfigurationName = Release;
		};
		1CF9125D2C95414200A92158 /* Build configuration list for PBXNativeTarget "ClickerGaem" */ = {
			isa = XCConfigurationList;
			buildConfigurations = (
				1CF9125E2C95414200A92158 /* Debug */,
				1CF9125F2C95414200A92158 /* Release */,
			);
			defaultConfigurationIsVisible = 0;
			defaultConfigurationName = Release;
		};
		1CF912602C95414200A92158 /* Build configuration list for PBXNativeTarget "ClickerGaemTests" */ = {
			isa = XCConfigurationList;
			buildConfigurations = (
				1CF912612C95414200A92158 /* Debug */,
				1CF912622C95414200A92158 /* Release */,
			);
			defaultConfigurationIsVisible = 0;
			defaultConfigurationName = Release;
		};
		1CF912632C95414200A92158 /* Build configuration list for PBXNativeTarget "ClickerGaemUITests" */ = {
			isa = XCConfigurationList;
			buildConfigurations = (
				1CF912642C95414200A92158 /* Debug */,
				1CF912652C95414200A92158 /* Release */,
			);
			defaultConfigurationIsVisible = 0;
			defaultConfigurationName = Release;
		};
/* End XCConfigurationList section */

/* Begin XCRemoteSwiftPackageReference section */
		1C30A52A2CA26C4400FBB096 /* XCRemoteSwiftPackageReference "AlertToast" */ = {
			isa = XCRemoteSwiftPackageReference;
			repositoryURL = "https://github.com/elai950/AlertToast.git";
			requirement = {
				kind = upToNextMajorVersion;
				minimumVersion = 1.3.9;
			};
		};
		1CF9128C2C9D4D5200A92158 /* XCRemoteSwiftPackageReference "swift-collections" */ = {
			isa = XCRemoteSwiftPackageReference;
			repositoryURL = "https://github.com/apple/swift-collections.git";
			requirement = {
				kind = upToNextMajorVersion;
				minimumVersion = 1.1.3;
			};
		};
/* End XCRemoteSwiftPackageReference section */

/* Begin XCSwiftPackageProductDependency section */
		1C30A52B2CA26C4400FBB096 /* AlertToast */ = {
			isa = XCSwiftPackageProductDependency;
			package = 1C30A52A2CA26C4400FBB096 /* XCRemoteSwiftPackageReference "AlertToast" */;
			productName = AlertToast;
		};
		1CF9128D2C9D4D5200A92158 /* OrderedCollections */ = {
			isa = XCSwiftPackageProductDependency;
			package = 1CF9128C2C9D4D5200A92158 /* XCRemoteSwiftPackageReference "swift-collections" */;
			productName = OrderedCollections;
		};
/* End XCSwiftPackageProductDependency section */

/* Begin XCVersionGroup section */
		1C0A284D2CA5188600FDB204 /* ClickerGaemModel.xcdatamodeld */ = {
			isa = XCVersionGroup;
			children = (
				1C16FEBD2CB4BEE40041CF9B /* ClickerGaemModel 2.xcdatamodel */,
				1C0A284E2CA5188600FDB204 /* ClickerGaemModel.xcdatamodel */,
			);
			currentVersion = 1C16FEBD2CB4BEE40041CF9B /* ClickerGaemModel 2.xcdatamodel */;
			path = ClickerGaemModel.xcdatamodeld;
			sourceTree = "<group>";
			versionGroupType = wrapper.xcdatamodel;
		};
/* End XCVersionGroup section */
	};
	rootObject = 1CF9122F2C95414100A92158 /* Project object */;
}
